
Microsoft Visual Studio Solution File, Format Version 12.00
# Visual Studio Version 17
VisualStudioVersion = 17.5.002.0
MinimumVisualStudioVersion = 10.0.40219.1
Project("{2150E333-8FDC-42A3-9474-1A3956D46DE8}") = "src", "src", "{0E5E9387-8CBA-471A-AF29-1475AA3DF482}"
EndProject
Project("{9A19103F-16F7-4668-BE54-9A1E7A4F7556}") = "api", "src\api\api.csproj", "{953CD500-5835-48AE-877A-D97B7BED3979}"
EndProject
Global
	GlobalSection(SolutionConfigurationPlatforms) = preSolution
		Debug|Any CPU = Debug|Any CPU
		Release|Any CPU = Release|Any CPU
	EndGlobalSection
	GlobalSection(ProjectConfigurationPlatforms) = postSolution
		{953CD500-5835-48AE-877A-D97B7BED3979}.Debug|Any CPU.ActiveCfg = Debug|Any CPU
		{953CD500-5835-48AE-877A-D97B7BED3979}.Debug|Any CPU.Build.0 = Debug|Any CPU
		{953CD500-5835-48AE-877A-D97B7BED3979}.Release|Any CPU.ActiveCfg = Release|Any CPU
		{953CD500-5835-48AE-877A-D97B7BED3979}.Release|Any CPU.Build.0 = Release|Any CPU
	EndGlobalSection
	GlobalSection(SolutionProperties) = preSolution
		HideSolutionNode = FALSE
	EndGlobalSection
	GlobalSection(NestedProjects) = preSolution
		{953CD500-5835-48AE-877A-D97B7BED3979} = {0E5E9387-8CBA-471A-AF29-1475AA3DF482}
	EndGlobalSection
	GlobalSection(ExtensibilityGlobals) = postSolution
		SolutionGuid = {1976CBB8-6731-47EE-9560-1865D635DD64}
	EndGlobalSection
EndGlobal
